
Microsoft Visual Studio Solution File, Format Version 12.00
# Visual Studio Version 17
VisualStudioVersion = 17.0.32126.317
MinimumVisualStudioVersion = 10.0.40219.1
Project("{FAE04EC0-301F-11D3-BF4B-00C04F79EFBC}") = "noter", "noter\noter.csproj", "{5908EE3B-C45A-4A27-9939-09D6B06CC641}"
EndProject
Global
	GlobalSection(SolutionConfigurationPlatforms) = preSolution
		Debug|Any CPU = Debug|Any CPU
		Release|Any CPU = Release|Any CPU
	EndGlobalSection
	GlobalSection(ProjectConfigurationPlatforms) = postSolution
		{5908EE3B-C45A-4A27-9939-09D6B06CC641}.Debug|Any CPU.ActiveCfg = Debug|Any CPU
		{5908EE3B-C45A-4A27-9939-09D6B06CC641}.Debug|Any CPU.Build.0 = Debug|Any CPU
		{5908EE3B-C45A-4A27-9939-09D6B06CC641}.Release|Any CPU.ActiveCfg = Release|Any CPU
		{5908EE3B-C45A-4A27-9939-09D6B06CC641}.Release|Any CPU.Build.0 = Release|Any CPU
	EndGlobalSection
	GlobalSection(SolutionProperties) = preSolution
		HideSolutionNode = FALSE
	EndGlobalSection
	GlobalSection(ExtensibilityGlobals) = postSolution
		SolutionGuid = {9892E76C-D848-4816-9C44-7BFD82393A41}
	EndGlobalSection
EndGlobal
